
Microsoft Visual Studio Solution File, Format Version 12.00
# Visual Studio 14
VisualStudioVersion = 14.0.24720.0
MinimumVisualStudioVersion = 10.0.40219.1
Project("{FAE04EC0-301F-11D3-BF4B-00C04F79EFBC}") = "QuotesInStrings", "QuotesInStrings\QuotesInStrings.csproj", "{D03A8D63-EC07-41E4-A943-D5DBD69E0CD6}"
EndProject
Project("{FAE04EC0-301F-11D3-BF4B-00C04F79EFBC}") = "ComparingFloats", "ComparingFloats\ComparingFloats.csproj", "{4491C6D5-ECBD-4B20-9563-29ACD419D96A}"
EndProject
Project("{FAE04EC0-301F-11D3-BF4B-00C04F79EFBC}") = "PrintTheASCIITable", "PrintTheASCIITable\PrintTheASCIITable.csproj", "{A6A249FF-16C4-4A9A-8116-2ECD8A6DBCE6}"
EndProject
Global
	GlobalSection(SolutionConfigurationPlatforms) = preSolution
		Debug|Any CPU = Debug|Any CPU
		Release|Any CPU = Release|Any CPU
	EndGlobalSection
	GlobalSection(ProjectConfigurationPlatforms) = postSolution
		{D03A8D63-EC07-41E4-A943-D5DBD69E0CD6}.Debug|Any CPU.ActiveCfg = Debug|Any CPU
		{D03A8D63-EC07-41E4-A943-D5DBD69E0CD6}.Debug|Any CPU.Build.0 = Debug|Any CPU
		{D03A8D63-EC07-41E4-A943-D5DBD69E0CD6}.Release|Any CPU.ActiveCfg = Release|Any CPU
		{D03A8D63-EC07-41E4-A943-D5DBD69E0CD6}.Release|Any CPU.Build.0 = Release|Any CPU
		{4491C6D5-ECBD-4B20-9563-29ACD419D96A}.Debug|Any CPU.ActiveCfg = Debug|Any CPU
		{4491C6D5-ECBD-4B20-9563-29ACD419D96A}.Debug|Any CPU.Build.0 = Debug|Any CPU
		{4491C6D5-ECBD-4B20-9563-29ACD419D96A}.Release|Any CPU.ActiveCfg = Release|Any CPU
		{4491C6D5-ECBD-4B20-9563-29ACD419D96A}.Release|Any CPU.Build.0 = Release|Any CPU
		{A6A249FF-16C4-4A9A-8116-2ECD8A6DBCE6}.Debug|Any CPU.ActiveCfg = Debug|Any CPU
		{A6A249FF-16C4-4A9A-8116-2ECD8A6DBCE6}.Debug|Any CPU.Build.0 = Debug|Any CPU
		{A6A249FF-16C4-4A9A-8116-2ECD8A6DBCE6}.Release|Any CPU.ActiveCfg = Release|Any CPU
		{A6A249FF-16C4-4A9A-8116-2ECD8A6DBCE6}.Release|Any CPU.Build.0 = Release|Any CPU
	EndGlobalSection
	GlobalSection(SolutionProperties) = preSolution
		HideSolutionNode = FALSE
	EndGlobalSection
EndGlobal
