
Microsoft Visual Studio Solution File, Format Version 12.00
# Visual Studio 14
VisualStudioVersion = 14.0.25123.0
MinimumVisualStudioVersion = 10.0.40219.1
Project("{FAE04EC0-301F-11D3-BF4B-00C04F79EFBC}") = "Problem1-ShipDamage", "Problem1-ShipDamage\Problem1-ShipDamage.csproj", "{D29C3973-37D5-4DD1-AA3F-E9A60F56622A}"
EndProject
Project("{FAE04EC0-301F-11D3-BF4B-00C04F79EFBC}") = "Problem2-Tribonacci", "Problem2-Tribonacci\Problem2-Tribonacci.csproj", "{D6A4338A-2CAF-4253-8520-EF1B3EE6EB7E}"
EndProject
Project("{FAE04EC0-301F-11D3-BF4B-00C04F79EFBC}") = "Problem3-FirTree", "Problem3-FirTree\Problem3-FirTree.csproj", "{A5BF532C-50F2-487A-8514-F5F6F238ED85}"
EndProject
Project("{FAE04EC0-301F-11D3-BF4B-00C04F79EFBC}") = "Problem4-WeAllLoveBits", "Problem4-WeAllLoveBits\Problem4-WeAllLoveBits.csproj", "{6622178F-4BC1-46FF-B099-74D5A96F1BAF}"
EndProject
Project("{FAE04EC0-301F-11D3-BF4B-00C04F79EFBC}") = "Problem5-Pillars", "Problem5-Pillars\Problem5-Pillars.csproj", "{41185E48-6797-4DCB-A9FB-E4B91DB40E5E}"
EndProject
Global
	GlobalSection(SolutionConfigurationPlatforms) = preSolution
		Debug|Any CPU = Debug|Any CPU
		Release|Any CPU = Release|Any CPU
	EndGlobalSection
	GlobalSection(ProjectConfigurationPlatforms) = postSolution
		{D29C3973-37D5-4DD1-AA3F-E9A60F56622A}.Debug|Any CPU.ActiveCfg = Debug|Any CPU
		{D29C3973-37D5-4DD1-AA3F-E9A60F56622A}.Debug|Any CPU.Build.0 = Debug|Any CPU
		{D29C3973-37D5-4DD1-AA3F-E9A60F56622A}.Release|Any CPU.ActiveCfg = Release|Any CPU
		{D29C3973-37D5-4DD1-AA3F-E9A60F56622A}.Release|Any CPU.Build.0 = Release|Any CPU
		{D6A4338A-2CAF-4253-8520-EF1B3EE6EB7E}.Debug|Any CPU.ActiveCfg = Debug|Any CPU
		{D6A4338A-2CAF-4253-8520-EF1B3EE6EB7E}.Debug|Any CPU.Build.0 = Debug|Any CPU
		{D6A4338A-2CAF-4253-8520-EF1B3EE6EB7E}.Release|Any CPU.ActiveCfg = Release|Any CPU
		{D6A4338A-2CAF-4253-8520-EF1B3EE6EB7E}.Release|Any CPU.Build.0 = Release|Any CPU
		{A5BF532C-50F2-487A-8514-F5F6F238ED85}.Debug|Any CPU.ActiveCfg = Debug|Any CPU
		{A5BF532C-50F2-487A-8514-F5F6F238ED85}.Debug|Any CPU.Build.0 = Debug|Any CPU
		{A5BF532C-50F2-487A-8514-F5F6F238ED85}.Release|Any CPU.ActiveCfg = Release|Any CPU
		{A5BF532C-50F2-487A-8514-F5F6F238ED85}.Release|Any CPU.Build.0 = Release|Any CPU
		{6622178F-4BC1-46FF-B099-74D5A96F1BAF}.Debug|Any CPU.ActiveCfg = Debug|Any CPU
		{6622178F-4BC1-46FF-B099-74D5A96F1BAF}.Debug|Any CPU.Build.0 = Debug|Any CPU
		{6622178F-4BC1-46FF-B099-74D5A96F1BAF}.Release|Any CPU.ActiveCfg = Release|Any CPU
		{6622178F-4BC1-46FF-B099-74D5A96F1BAF}.Release|Any CPU.Build.0 = Release|Any CPU
		{41185E48-6797-4DCB-A9FB-E4B91DB40E5E}.Debug|Any CPU.ActiveCfg = Debug|Any CPU
		{41185E48-6797-4DCB-A9FB-E4B91DB40E5E}.Debug|Any CPU.Build.0 = Debug|Any CPU
		{41185E48-6797-4DCB-A9FB-E4B91DB40E5E}.Release|Any CPU.ActiveCfg = Release|Any CPU
		{41185E48-6797-4DCB-A9FB-E4B91DB40E5E}.Release|Any CPU.Build.0 = Release|Any CPU
	EndGlobalSection
	GlobalSection(SolutionProperties) = preSolution
		HideSolutionNode = FALSE
	EndGlobalSection
EndGlobal
