
Microsoft Visual Studio Solution File, Format Version 12.00
# Visual Studio 14
VisualStudioVersion = 14.0.24720.0
MinimumVisualStudioVersion = 10.0.40219.1
Project("{FAE04EC0-301F-11D3-BF4B-00C04F79EFBC}") = "OddOrEven", "OddOrEven\OddOrEven.csproj", "{11803D29-1B33-4FB0-87D0-1253AC656316}"
EndProject
Project("{FAE04EC0-301F-11D3-BF4B-00C04F79EFBC}") = "MoonGravity", "MoonGravity\MoonGravity.csproj", "{BDCE42D8-EB73-4191-A900-B459869132F3}"
EndProject
Project("{FAE04EC0-301F-11D3-BF4B-00C04F79EFBC}") = "DivideBySevenAndFive", "DivideBySevenAndFive\DivideBySevenAndFive.csproj", "{4E941E0D-1EF5-4783-A0A8-F514F69EE516}"
EndProject
Project("{FAE04EC0-301F-11D3-BF4B-00C04F79EFBC}") = "Rectangles", "Rectangles\Rectangles.csproj", "{77A92E55-075F-4924-BFCA-7598DE545BBB}"
EndProject
Project("{FAE04EC0-301F-11D3-BF4B-00C04F79EFBC}") = "ThirdDigit", "ThirdDigit\ThirdDigit.csproj", "{FC662DE7-57AE-485B-86E1-B1D01C7A17F0}"
EndProject
Project("{FAE04EC0-301F-11D3-BF4B-00C04F79EFBC}") = "FourDigits", "FourDigits\FourDigits.csproj", "{20629F59-3661-4009-9394-CFEA490B5AA6}"
EndProject
Project("{FAE04EC0-301F-11D3-BF4B-00C04F79EFBC}") = "PointInACircle", "PointInACircle\PointInACircle.csproj", "{30F9185A-F80A-4D08-90B7-EFB699C2634F}"
EndProject
Project("{FAE04EC0-301F-11D3-BF4B-00C04F79EFBC}") = "PrimeCheck", "PrimeCheck\PrimeCheck.csproj", "{19781DAC-BC8B-4416-BCA0-22D85F6F984C}"
EndProject
Project("{FAE04EC0-301F-11D3-BF4B-00C04F79EFBC}") = "Trapezoids", "Trapezoids\Trapezoids.csproj", "{07AE17FB-FF41-4A1D-A354-BF7DD96E6A44}"
EndProject
Project("{FAE04EC0-301F-11D3-BF4B-00C04F79EFBC}") = "PointCircleRectangle", "PointCircleRectangle\PointCircleRectangle.csproj", "{15DFF706-963D-4438-81B9-BDD4DB298F60}"
EndProject
Project("{FAE04EC0-301F-11D3-BF4B-00C04F79EFBC}") = "ThirdBit", "ThirdBit\ThirdBit.csproj", "{E0B74017-F152-4F97-906E-1099420C134D}"
EndProject
Project("{FAE04EC0-301F-11D3-BF4B-00C04F79EFBC}") = "N-thBit", "N-thBit\N-thBit.csproj", "{468ED8AE-5AF9-4CBE-88A9-567712E5DF88}"
EndProject
Project("{FAE04EC0-301F-11D3-BF4B-00C04F79EFBC}") = "ModifyBit", "ModifyBit\ModifyBit.csproj", "{DAE28FC7-31A8-4AD8-B928-C7B121A7E967}"
EndProject
Project("{FAE04EC0-301F-11D3-BF4B-00C04F79EFBC}") = "BitExchange", "BitExchange\BitExchange.csproj", "{0C425E2E-6EC1-4F6D-B783-9C16FE8BB18B}"
EndProject
Global
	GlobalSection(SolutionConfigurationPlatforms) = preSolution
		Debug|Any CPU = Debug|Any CPU
		Release|Any CPU = Release|Any CPU
	EndGlobalSection
	GlobalSection(ProjectConfigurationPlatforms) = postSolution
		{11803D29-1B33-4FB0-87D0-1253AC656316}.Debug|Any CPU.ActiveCfg = Debug|Any CPU
		{11803D29-1B33-4FB0-87D0-1253AC656316}.Debug|Any CPU.Build.0 = Debug|Any CPU
		{11803D29-1B33-4FB0-87D0-1253AC656316}.Release|Any CPU.ActiveCfg = Release|Any CPU
		{11803D29-1B33-4FB0-87D0-1253AC656316}.Release|Any CPU.Build.0 = Release|Any CPU
		{BDCE42D8-EB73-4191-A900-B459869132F3}.Debug|Any CPU.ActiveCfg = Debug|Any CPU
		{BDCE42D8-EB73-4191-A900-B459869132F3}.Debug|Any CPU.Build.0 = Debug|Any CPU
		{BDCE42D8-EB73-4191-A900-B459869132F3}.Release|Any CPU.ActiveCfg = Release|Any CPU
		{BDCE42D8-EB73-4191-A900-B459869132F3}.Release|Any CPU.Build.0 = Release|Any CPU
		{4E941E0D-1EF5-4783-A0A8-F514F69EE516}.Debug|Any CPU.ActiveCfg = Debug|Any CPU
		{4E941E0D-1EF5-4783-A0A8-F514F69EE516}.Debug|Any CPU.Build.0 = Debug|Any CPU
		{4E941E0D-1EF5-4783-A0A8-F514F69EE516}.Release|Any CPU.ActiveCfg = Release|Any CPU
		{4E941E0D-1EF5-4783-A0A8-F514F69EE516}.Release|Any CPU.Build.0 = Release|Any CPU
		{77A92E55-075F-4924-BFCA-7598DE545BBB}.Debug|Any CPU.ActiveCfg = Debug|Any CPU
		{77A92E55-075F-4924-BFCA-7598DE545BBB}.Debug|Any CPU.Build.0 = Debug|Any CPU
		{77A92E55-075F-4924-BFCA-7598DE545BBB}.Release|Any CPU.ActiveCfg = Release|Any CPU
		{77A92E55-075F-4924-BFCA-7598DE545BBB}.Release|Any CPU.Build.0 = Release|Any CPU
		{FC662DE7-57AE-485B-86E1-B1D01C7A17F0}.Debug|Any CPU.ActiveCfg = Debug|Any CPU
		{FC662DE7-57AE-485B-86E1-B1D01C7A17F0}.Debug|Any CPU.Build.0 = Debug|Any CPU
		{FC662DE7-57AE-485B-86E1-B1D01C7A17F0}.Release|Any CPU.ActiveCfg = Release|Any CPU
		{FC662DE7-57AE-485B-86E1-B1D01C7A17F0}.Release|Any CPU.Build.0 = Release|Any CPU
		{20629F59-3661-4009-9394-CFEA490B5AA6}.Debug|Any CPU.ActiveCfg = Debug|Any CPU
		{20629F59-3661-4009-9394-CFEA490B5AA6}.Debug|Any CPU.Build.0 = Debug|Any CPU
		{20629F59-3661-4009-9394-CFEA490B5AA6}.Release|Any CPU.ActiveCfg = Release|Any CPU
		{20629F59-3661-4009-9394-CFEA490B5AA6}.Release|Any CPU.Build.0 = Release|Any CPU
		{30F9185A-F80A-4D08-90B7-EFB699C2634F}.Debug|Any CPU.ActiveCfg = Debug|Any CPU
		{30F9185A-F80A-4D08-90B7-EFB699C2634F}.Debug|Any CPU.Build.0 = Debug|Any CPU
		{30F9185A-F80A-4D08-90B7-EFB699C2634F}.Release|Any CPU.ActiveCfg = Release|Any CPU
		{30F9185A-F80A-4D08-90B7-EFB699C2634F}.Release|Any CPU.Build.0 = Release|Any CPU
		{19781DAC-BC8B-4416-BCA0-22D85F6F984C}.Debug|Any CPU.ActiveCfg = Debug|Any CPU
		{19781DAC-BC8B-4416-BCA0-22D85F6F984C}.Debug|Any CPU.Build.0 = Debug|Any CPU
		{19781DAC-BC8B-4416-BCA0-22D85F6F984C}.Release|Any CPU.ActiveCfg = Release|Any CPU
		{19781DAC-BC8B-4416-BCA0-22D85F6F984C}.Release|Any CPU.Build.0 = Release|Any CPU
		{07AE17FB-FF41-4A1D-A354-BF7DD96E6A44}.Debug|Any CPU.ActiveCfg = Debug|Any CPU
		{07AE17FB-FF41-4A1D-A354-BF7DD96E6A44}.Debug|Any CPU.Build.0 = Debug|Any CPU
		{07AE17FB-FF41-4A1D-A354-BF7DD96E6A44}.Release|Any CPU.ActiveCfg = Release|Any CPU
		{07AE17FB-FF41-4A1D-A354-BF7DD96E6A44}.Release|Any CPU.Build.0 = Release|Any CPU
		{15DFF706-963D-4438-81B9-BDD4DB298F60}.Debug|Any CPU.ActiveCfg = Debug|Any CPU
		{15DFF706-963D-4438-81B9-BDD4DB298F60}.Debug|Any CPU.Build.0 = Debug|Any CPU
		{15DFF706-963D-4438-81B9-BDD4DB298F60}.Release|Any CPU.ActiveCfg = Release|Any CPU
		{15DFF706-963D-4438-81B9-BDD4DB298F60}.Release|Any CPU.Build.0 = Release|Any CPU
		{E0B74017-F152-4F97-906E-1099420C134D}.Debug|Any CPU.ActiveCfg = Debug|Any CPU
		{E0B74017-F152-4F97-906E-1099420C134D}.Debug|Any CPU.Build.0 = Debug|Any CPU
		{E0B74017-F152-4F97-906E-1099420C134D}.Release|Any CPU.ActiveCfg = Release|Any CPU
		{E0B74017-F152-4F97-906E-1099420C134D}.Release|Any CPU.Build.0 = Release|Any CPU
		{468ED8AE-5AF9-4CBE-88A9-567712E5DF88}.Debug|Any CPU.ActiveCfg = Debug|Any CPU
		{468ED8AE-5AF9-4CBE-88A9-567712E5DF88}.Debug|Any CPU.Build.0 = Debug|Any CPU
		{468ED8AE-5AF9-4CBE-88A9-567712E5DF88}.Release|Any CPU.ActiveCfg = Release|Any CPU
		{468ED8AE-5AF9-4CBE-88A9-567712E5DF88}.Release|Any CPU.Build.0 = Release|Any CPU
		{DAE28FC7-31A8-4AD8-B928-C7B121A7E967}.Debug|Any CPU.ActiveCfg = Debug|Any CPU
		{DAE28FC7-31A8-4AD8-B928-C7B121A7E967}.Debug|Any CPU.Build.0 = Debug|Any CPU
		{DAE28FC7-31A8-4AD8-B928-C7B121A7E967}.Release|Any CPU.ActiveCfg = Release|Any CPU
		{DAE28FC7-31A8-4AD8-B928-C7B121A7E967}.Release|Any CPU.Build.0 = Release|Any CPU
		{0C425E2E-6EC1-4F6D-B783-9C16FE8BB18B}.Debug|Any CPU.ActiveCfg = Debug|Any CPU
		{0C425E2E-6EC1-4F6D-B783-9C16FE8BB18B}.Debug|Any CPU.Build.0 = Debug|Any CPU
		{0C425E2E-6EC1-4F6D-B783-9C16FE8BB18B}.Release|Any CPU.ActiveCfg = Release|Any CPU
		{0C425E2E-6EC1-4F6D-B783-9C16FE8BB18B}.Release|Any CPU.Build.0 = Release|Any CPU
	EndGlobalSection
	GlobalSection(SolutionProperties) = preSolution
		HideSolutionNode = FALSE
	EndGlobalSection
EndGlobal
