
Microsoft Visual Studio Solution File, Format Version 12.00
# Visual Studio 14
VisualStudioVersion = 14.0.24720.0
MinimumVisualStudioVersion = 10.0.40219.1
Project("{FAE04EC0-301F-11D3-BF4B-00C04F79EFBC}") = "ExchangeNumbers", "ExchangeNumbers\ExchangeNumbers.csproj", "{00EBEF8A-4324-4C84-8B2A-D4A9C272B5A1}"
EndProject
Project("{FAE04EC0-301F-11D3-BF4B-00C04F79EFBC}") = "BonusScore", "BonusScore\BonusScore.csproj", "{2322FBE0-7F0A-4B61-989F-3A5F46D1FD8B}"
EndProject
Project("{FAE04EC0-301F-11D3-BF4B-00C04F79EFBC}") = "PlayCard", "PlayCard\PlayCard.csproj", "{5E4063B2-FB90-490F-AA9D-628CDF3106D0}"
EndProject
Project("{FAE04EC0-301F-11D3-BF4B-00C04F79EFBC}") = "MultiplicationSign", "MultiplicationSign\MultiplicationSign.csproj", "{0ADD70FA-6304-4BEB-8C1B-B9C1D88451BD}"
EndProject
Project("{FAE04EC0-301F-11D3-BF4B-00C04F79EFBC}") = "BiggestOfThree", "BiggestOfThree\BiggestOfThree.csproj", "{64C898C9-64AE-4969-8BEC-D9EF23FD4DC9}"
EndProject
Project("{FAE04EC0-301F-11D3-BF4B-00C04F79EFBC}") = "BiggestOfFive", "BiggestOfFive\BiggestOfFive.csproj", "{81840BE8-4AEB-4A6F-BCCC-70DD6C946623}"
EndProject
Project("{FAE04EC0-301F-11D3-BF4B-00C04F79EFBC}") = "SortThreeNumbers", "SortThreeNumbers\SortThreeNumbers.csproj", "{C33A0528-F4A0-4916-89A8-BFDE2E30A936}"
EndProject
Project("{FAE04EC0-301F-11D3-BF4B-00C04F79EFBC}") = "DigitAsWord", "DigitAsWord\DigitAsWord.csproj", "{3BE0018A-87E8-44BC-9A84-9C2B23906597}"
EndProject
Project("{FAE04EC0-301F-11D3-BF4B-00C04F79EFBC}") = "IntDoubleString", "IntDoubleString\IntDoubleString.csproj", "{0E97E0EE-6618-49DA-BAEC-8829B168702A}"
EndProject
Global
	GlobalSection(SolutionConfigurationPlatforms) = preSolution
		Debug|Any CPU = Debug|Any CPU
		Release|Any CPU = Release|Any CPU
	EndGlobalSection
	GlobalSection(ProjectConfigurationPlatforms) = postSolution
		{00EBEF8A-4324-4C84-8B2A-D4A9C272B5A1}.Debug|Any CPU.ActiveCfg = Debug|Any CPU
		{00EBEF8A-4324-4C84-8B2A-D4A9C272B5A1}.Debug|Any CPU.Build.0 = Debug|Any CPU
		{00EBEF8A-4324-4C84-8B2A-D4A9C272B5A1}.Release|Any CPU.ActiveCfg = Release|Any CPU
		{00EBEF8A-4324-4C84-8B2A-D4A9C272B5A1}.Release|Any CPU.Build.0 = Release|Any CPU
		{2322FBE0-7F0A-4B61-989F-3A5F46D1FD8B}.Debug|Any CPU.ActiveCfg = Debug|Any CPU
		{2322FBE0-7F0A-4B61-989F-3A5F46D1FD8B}.Debug|Any CPU.Build.0 = Debug|Any CPU
		{2322FBE0-7F0A-4B61-989F-3A5F46D1FD8B}.Release|Any CPU.ActiveCfg = Release|Any CPU
		{2322FBE0-7F0A-4B61-989F-3A5F46D1FD8B}.Release|Any CPU.Build.0 = Release|Any CPU
		{5E4063B2-FB90-490F-AA9D-628CDF3106D0}.Debug|Any CPU.ActiveCfg = Debug|Any CPU
		{5E4063B2-FB90-490F-AA9D-628CDF3106D0}.Debug|Any CPU.Build.0 = Debug|Any CPU
		{5E4063B2-FB90-490F-AA9D-628CDF3106D0}.Release|Any CPU.ActiveCfg = Release|Any CPU
		{5E4063B2-FB90-490F-AA9D-628CDF3106D0}.Release|Any CPU.Build.0 = Release|Any CPU
		{0ADD70FA-6304-4BEB-8C1B-B9C1D88451BD}.Debug|Any CPU.ActiveCfg = Debug|Any CPU
		{0ADD70FA-6304-4BEB-8C1B-B9C1D88451BD}.Debug|Any CPU.Build.0 = Debug|Any CPU
		{0ADD70FA-6304-4BEB-8C1B-B9C1D88451BD}.Release|Any CPU.ActiveCfg = Release|Any CPU
		{0ADD70FA-6304-4BEB-8C1B-B9C1D88451BD}.Release|Any CPU.Build.0 = Release|Any CPU
		{64C898C9-64AE-4969-8BEC-D9EF23FD4DC9}.Debug|Any CPU.ActiveCfg = Debug|Any CPU
		{64C898C9-64AE-4969-8BEC-D9EF23FD4DC9}.Debug|Any CPU.Build.0 = Debug|Any CPU
		{64C898C9-64AE-4969-8BEC-D9EF23FD4DC9}.Release|Any CPU.ActiveCfg = Release|Any CPU
		{64C898C9-64AE-4969-8BEC-D9EF23FD4DC9}.Release|Any CPU.Build.0 = Release|Any CPU
		{81840BE8-4AEB-4A6F-BCCC-70DD6C946623}.Debug|Any CPU.ActiveCfg = Debug|Any CPU
		{81840BE8-4AEB-4A6F-BCCC-70DD6C946623}.Debug|Any CPU.Build.0 = Debug|Any CPU
		{81840BE8-4AEB-4A6F-BCCC-70DD6C946623}.Release|Any CPU.ActiveCfg = Release|Any CPU
		{81840BE8-4AEB-4A6F-BCCC-70DD6C946623}.Release|Any CPU.Build.0 = Release|Any CPU
		{C33A0528-F4A0-4916-89A8-BFDE2E30A936}.Debug|Any CPU.ActiveCfg = Debug|Any CPU
		{C33A0528-F4A0-4916-89A8-BFDE2E30A936}.Debug|Any CPU.Build.0 = Debug|Any CPU
		{C33A0528-F4A0-4916-89A8-BFDE2E30A936}.Release|Any CPU.ActiveCfg = Release|Any CPU
		{C33A0528-F4A0-4916-89A8-BFDE2E30A936}.Release|Any CPU.Build.0 = Release|Any CPU
		{3BE0018A-87E8-44BC-9A84-9C2B23906597}.Debug|Any CPU.ActiveCfg = Debug|Any CPU
		{3BE0018A-87E8-44BC-9A84-9C2B23906597}.Debug|Any CPU.Build.0 = Debug|Any CPU
		{3BE0018A-87E8-44BC-9A84-9C2B23906597}.Release|Any CPU.ActiveCfg = Release|Any CPU
		{3BE0018A-87E8-44BC-9A84-9C2B23906597}.Release|Any CPU.Build.0 = Release|Any CPU
		{0E97E0EE-6618-49DA-BAEC-8829B168702A}.Debug|Any CPU.ActiveCfg = Debug|Any CPU
		{0E97E0EE-6618-49DA-BAEC-8829B168702A}.Debug|Any CPU.Build.0 = Debug|Any CPU
		{0E97E0EE-6618-49DA-BAEC-8829B168702A}.Release|Any CPU.ActiveCfg = Release|Any CPU
		{0E97E0EE-6618-49DA-BAEC-8829B168702A}.Release|Any CPU.Build.0 = Release|Any CPU
	EndGlobalSection
	GlobalSection(SolutionProperties) = preSolution
		HideSolutionNode = FALSE
	EndGlobalSection
EndGlobal
